# THIS IS AN AUTOGENERATED FILE. DO NOT EDIT THIS FILE DIRECTLY.
# yarn lockfile v1


"@axel669/range@^1.0.0":
  version "1.0.0"
  resolved "https://registry.yarnpkg.com/@axel669/range/-/range-1.0.0.tgz#bd4fa698b725b8bbf2967a0165340a50e3cb4adf"
  integrity sha512-RiQGzX3pWskT/xUk6aEihomt+tkPQjNaTaAUWZr/88xoWra5RvhsDw+l7jXk6G30TWcMvErLNejafTvP+Vx4sQ==

"@axel669/terminal-tools@^0.1.0":
  version "0.1.0"
  resolved "https://registry.yarnpkg.com/@axel669/terminal-tools/-/terminal-tools-0.1.0.tgz#5aa42302ffa84206d9ba629f83211a7512e339ef"
  integrity sha512-COHKoW2HRiAjtwAGw3hIIpdY0lItC0wqPNnBWe0VjjFk2xNhW/94dQ6Rxpsb6ZMfFDUNg5lTNmPyCzzVWa6F4w==
  dependencies:
    "@axel669/range" "^1.0.0"
